
Microsoft Visual Studio Solution File, Format Version 12.00
# Visual Studio 15
Project("{FAE04EC0-301F-11D3-BF4B-00C04F79EFBC}") = "UnityEngine.UI", "UnityEngine.UI.csproj", "{05146F2B-7DE0-713F-DAD8-7E9B6DFAC2E1}"
EndProject
Project("{FAE04EC0-301F-11D3-BF4B-00C04F79EFBC}") = "UnityEngine.TestRunner", "UnityEngine.TestRunner.csproj", "{51D12A8D-AF9B-799A-6A14-84CB03060C9E}"
EndProject
Project("{FAE04EC0-301F-11D3-BF4B-00C04F79EFBC}") = "Unity.VisualScripting.Flow", "Unity.VisualScripting.Flow.csproj", "{3A4F67F3-400E-BDEF-D8A0-9B91016118E0}"
EndProject
Project("{FAE04EC0-301F-11D3-BF4B-00C04F79EFBC}") = "Unity.InputSystem", "Unity.InputSystem.csproj", "{31B8227F-57AF-0A61-6F0F-577B666EB15C}"
EndProject
Project("{FAE04EC0-301F-11D3-BF4B-00C04F79EFBC}") = "Unity.VisualScripting.State", "Unity.VisualScripting.State.csproj", "{CFC53CD9-378C-C556-8BA9-AD5CAEA32872}"
EndProject
Project("{FAE04EC0-301F-11D3-BF4B-00C04F79EFBC}") = "Unity.VisualScripting.Core", "Unity.VisualScripting.Core.csproj", "{1C146556-9BE9-BA44-5E09-8EECF535B1AC}"
EndProject
Project("{FAE04EC0-301F-11D3-BF4B-00C04F79EFBC}") = "Unity.TextMeshPro", "Unity.TextMeshPro.csproj", "{D3D88EC4-6B2F-6987-01F9-DC32BA4A9AB7}"
EndProject
Project("{FAE04EC0-301F-11D3-BF4B-00C04F79EFBC}") = "Unity.Timeline", "Unity.Timeline.csproj", "{3A10B43C-012D-1558-F112-E459C544C24A}"
EndProject
Project("{FAE04EC0-301F-11D3-BF4B-00C04F79EFBC}") = "Assembly-CSharp", "Assembly-CSharp.csproj", "{D97EC64F-2ADB-61B9-8A05-98C8DE48B1C7}"
EndProject
Project("{FAE04EC0-301F-11D3-BF4B-00C04F79EFBC}") = "Unity.PlasticSCM.Editor", "Unity.PlasticSCM.Editor.csproj", "{BFE3F31B-955C-A4CF-9C29-E96DFA60B2BC}"
EndProject
Project("{FAE04EC0-301F-11D3-BF4B-00C04F79EFBC}") = "Unity.VisualScripting.Core.Editor", "Unity.VisualScripting.Core.Editor.csproj", "{4605F7C6-42DB-253F-B7B6-16CDD09F3A6E}"
EndProject
Project("{FAE04EC0-301F-11D3-BF4B-00C04F79EFBC}") = "Unity.VisualScripting.Flow.Editor", "Unity.VisualScripting.Flow.Editor.csproj", "{A5A9CA40-338A-563C-D836-F8BA4264BEA3}"
EndProject
Project("{FAE04EC0-301F-11D3-BF4B-00C04F79EFBC}") = "Unity.VisualStudio.Editor", "Unity.VisualStudio.Editor.csproj", "{6D1AA021-9E5B-C0A9-75DF-C1A04086A422}"
EndProject
Project("{FAE04EC0-301F-11D3-BF4B-00C04F79EFBC}") = "Unity.Timeline.Editor", "Unity.Timeline.Editor.csproj", "{86075A49-AED0-6422-8B5D-75B5798DC19A}"
EndProject
Project("{FAE04EC0-301F-11D3-BF4B-00C04F79EFBC}") = "Unity.VisualScripting.State.Editor", "Unity.VisualScripting.State.Editor.csproj", "{13326BDB-FEA1-BBE6-6802-B65E3D15BD94}"
EndProject
Project("{FAE04EC0-301F-11D3-BF4B-00C04F79EFBC}") = "Unity.TextMeshPro.Editor", "Unity.TextMeshPro.Editor.csproj", "{F968142D-CFC0-34AE-09D1-605515763118}"
EndProject
Project("{FAE04EC0-301F-11D3-BF4B-00C04F79EFBC}") = "Unity.VisualScripting.SettingsProvider.Editor", "Unity.VisualScripting.SettingsProvider.Editor.csproj", "{ABE26583-AE96-9379-E2FE-250104BCEEC1}"
EndProject
Project("{FAE04EC0-301F-11D3-BF4B-00C04F79EFBC}") = "UnityEditor.TestRunner", "UnityEditor.TestRunner.csproj", "{BDA522BF-28F8-AEE9-CCAC-BBCC11AA322D}"
EndProject
Project("{FAE04EC0-301F-11D3-BF4B-00C04F79EFBC}") = "Unity.TestTools.CodeCoverage.Editor", "Unity.TestTools.CodeCoverage.Editor.csproj", "{DDDD3803-C2A1-FDA5-85C2-C6AE97C6B890}"
EndProject
Project("{FAE04EC0-301F-11D3-BF4B-00C04F79EFBC}") = "Unity.Rider.Editor", "Unity.Rider.Editor.csproj", "{667AE8A3-BBB6-095D-3785-726D4CD9453D}"
EndProject
Project("{FAE04EC0-301F-11D3-BF4B-00C04F79EFBC}") = "Unity.Performance.Profile-Analyzer.Editor", "Unity.Performance.Profile-Analyzer.Editor.csproj", "{03629540-1142-6C93-5C8B-7DFA932C3F18}"
EndProject
Project("{FAE04EC0-301F-11D3-BF4B-00C04F79EFBC}") = "Unity.VSCode.Editor", "Unity.VSCode.Editor.csproj", "{1DF3B4DE-E61D-9406-26CB-1C19838BDF4C}"
EndProject
Project("{FAE04EC0-301F-11D3-BF4B-00C04F79EFBC}") = "UnityEditor.UI", "UnityEditor.UI.csproj", "{6AC90047-2B1F-D2CC-CE3C-4ED696E4087F}"
EndProject
Project("{FAE04EC0-301F-11D3-BF4B-00C04F79EFBC}") = "Unity.TestTools.CodeCoverage.Editor.OpenCover.Model", "Unity.TestTools.CodeCoverage.Editor.OpenCover.Model.csproj", "{87CA4711-2F3A-18A6-D912-FF7EAA1859BF}"
EndProject
Project("{FAE04EC0-301F-11D3-BF4B-00C04F79EFBC}") = "Unity.EditorCoroutines.Editor", "Unity.EditorCoroutines.Editor.csproj", "{177B7377-CE6B-B881-0991-83952493DECD}"
EndProject
Project("{FAE04EC0-301F-11D3-BF4B-00C04F79EFBC}") = "Unity.Settings.Editor", "Unity.Settings.Editor.csproj", "{9E66F281-D4C2-0DA0-D652-D4D42D57C06C}"
EndProject
Project("{FAE04EC0-301F-11D3-BF4B-00C04F79EFBC}") = "Unity.CollabProxy.Editor", "Unity.CollabProxy.Editor.csproj", "{EC2486F2-23BF-C300-08C7-007D4A5DB64B}"
EndProject
Project("{FAE04EC0-301F-11D3-BF4B-00C04F79EFBC}") = "Unity.TestTools.CodeCoverage.Editor.OpenCover.Mono.Reflection", "Unity.TestTools.CodeCoverage.Editor.OpenCover.Mono.Reflection.csproj", "{A05CB513-2584-886D-CE3C-F9DD037E49D9}"
EndProject
Project("{FAE04EC0-301F-11D3-BF4B-00C04F79EFBC}") = "Unity.VisualScripting.Shared.Editor", "Unity.VisualScripting.Shared.Editor.csproj", "{8CE74996-CBFB-5D37-4D24-EB92C074CE0A}"
EndProject
Project("{FAE04EC0-301F-11D3-BF4B-00C04F79EFBC}") = "UnityEngine.UI", "UnityEngine.UI.Player.csproj", "{1268E764-6D3E-4130-F040-171E833A8736}"
EndProject
Project("{FAE04EC0-301F-11D3-BF4B-00C04F79EFBC}") = "UnityEngine.TestRunner", "UnityEngine.TestRunner.Player.csproj", "{005565DC-F895-5E07-8C1A-AB7157B8BFF3}"
EndProject
Project("{FAE04EC0-301F-11D3-BF4B-00C04F79EFBC}") = "Unity.VisualScripting.Flow", "Unity.VisualScripting.Flow.Player.csproj", "{B4DC4809-8E26-2493-994C-CD5CD858EFA3}"
EndProject
Project("{FAE04EC0-301F-11D3-BF4B-00C04F79EFBC}") = "Unity.InputSystem", "Unity.InputSystem.Player.csproj", "{A9946109-21A9-3470-BDAE-9E1659E6C21F}"
EndProject
Project("{FAE04EC0-301F-11D3-BF4B-00C04F79EFBC}") = "Unity.VisualScripting.State", "Unity.VisualScripting.State.Player.csproj", "{B7ED3FD8-130D-6852-B659-CB1665B65094}"
EndProject
Project("{FAE04EC0-301F-11D3-BF4B-00C04F79EFBC}") = "Unity.VisualScripting.Core", "Unity.VisualScripting.Core.Player.csproj", "{9B196A7A-005C-9540-B3B2-20D2EA7A9FF8}"
EndProject
Project("{FAE04EC0-301F-11D3-BF4B-00C04F79EFBC}") = "Unity.TextMeshPro", "Unity.TextMeshPro.Player.csproj", "{F69E5FE2-1279-AF0B-24CD-C3AA8179DFB8}"
EndProject
Project("{FAE04EC0-301F-11D3-BF4B-00C04F79EFBC}") = "Unity.Timeline", "Unity.Timeline.Player.csproj", "{4ACFB10F-CF61-8FD3-F99E-FA9BEBDF3718}"
EndProject
Project("{FAE04EC0-301F-11D3-BF4B-00C04F79EFBC}") = "Assembly-CSharp", "Assembly-CSharp.Player.csproj", "{3BA5B6EA-903F-E7B9-7F3A-47173D06C57B}"
EndProject
Global
	GlobalSection(SolutionConfigurationPlatforms) = preSolution
		Debug|Any CPU = Debug|Any CPU
		Release|Any CPU = Release|Any CPU
	EndGlobalSection
	GlobalSection(ProjectConfigurationPlatforms) = postSolution
		{05146F2B-7DE0-713F-DAD8-7E9B6DFAC2E1}.Debug|Any CPU.ActiveCfg = Debug|Any CPU
		{05146F2B-7DE0-713F-DAD8-7E9B6DFAC2E1}.Debug|Any CPU.Build.0 = Debug|Any CPU
		{05146F2B-7DE0-713F-DAD8-7E9B6DFAC2E1}.Release|Any CPU.ActiveCfg = Release|Any CPU
		{05146F2B-7DE0-713F-DAD8-7E9B6DFAC2E1}.Release|Any CPU.Build.0 = Release|Any CPU
		{51D12A8D-AF9B-799A-6A14-84CB03060C9E}.Debug|Any CPU.ActiveCfg = Debug|Any CPU
		{51D12A8D-AF9B-799A-6A14-84CB03060C9E}.Debug|Any CPU.Build.0 = Debug|Any CPU
		{51D12A8D-AF9B-799A-6A14-84CB03060C9E}.Release|Any CPU.ActiveCfg = Release|Any CPU
		{51D12A8D-AF9B-799A-6A14-84CB03060C9E}.Release|Any CPU.Build.0 = Release|Any CPU
		{3A4F67F3-400E-BDEF-D8A0-9B91016118E0}.Debug|Any CPU.ActiveCfg = Debug|Any CPU
		{3A4F67F3-400E-BDEF-D8A0-9B91016118E0}.Debug|Any CPU.Build.0 = Debug|Any CPU
		{3A4F67F3-400E-BDEF-D8A0-9B91016118E0}.Release|Any CPU.ActiveCfg = Release|Any CPU
		{3A4F67F3-400E-BDEF-D8A0-9B91016118E0}.Release|Any CPU.Build.0 = Release|Any CPU
		{31B8227F-57AF-0A61-6F0F-577B666EB15C}.Debug|Any CPU.ActiveCfg = Debug|Any CPU
		{31B8227F-57AF-0A61-6F0F-577B666EB15C}.Debug|Any CPU.Build.0 = Debug|Any CPU
		{31B8227F-57AF-0A61-6F0F-577B666EB15C}.Release|Any CPU.ActiveCfg = Release|Any CPU
		{31B8227F-57AF-0A61-6F0F-577B666EB15C}.Release|Any CPU.Build.0 = Release|Any CPU
		{CFC53CD9-378C-C556-8BA9-AD5CAEA32872}.Debug|Any CPU.ActiveCfg = Debug|Any CPU
		{CFC53CD9-378C-C556-8BA9-AD5CAEA32872}.Debug|Any CPU.Build.0 = Debug|Any CPU
		{CFC53CD9-378C-C556-8BA9-AD5CAEA32872}.Release|Any CPU.ActiveCfg = Release|Any CPU
		{CFC53CD9-378C-C556-8BA9-AD5CAEA32872}.Release|Any CPU.Build.0 = Release|Any CPU
		{1C146556-9BE9-BA44-5E09-8EECF535B1AC}.Debug|Any CPU.ActiveCfg = Debug|Any CPU
		{1C146556-9BE9-BA44-5E09-8EECF535B1AC}.Debug|Any CPU.Build.0 = Debug|Any CPU
		{1C146556-9BE9-BA44-5E09-8EECF535B1AC}.Release|Any CPU.ActiveCfg = Release|Any CPU
		{1C146556-9BE9-BA44-5E09-8EECF535B1AC}.Release|Any CPU.Build.0 = Release|Any CPU
		{D3D88EC4-6B2F-6987-01F9-DC32BA4A9AB7}.Debug|Any CPU.ActiveCfg = Debug|Any CPU
		{D3D88EC4-6B2F-6987-01F9-DC32BA4A9AB7}.Debug|Any CPU.Build.0 = Debug|Any CPU
		{D3D88EC4-6B2F-6987-01F9-DC32BA4A9AB7}.Release|Any CPU.ActiveCfg = Release|Any CPU
		{D3D88EC4-6B2F-6987-01F9-DC32BA4A9AB7}.Release|Any CPU.Build.0 = Release|Any CPU
		{3A10B43C-012D-1558-F112-E459C544C24A}.Debug|Any CPU.ActiveCfg = Debug|Any CPU
		{3A10B43C-012D-1558-F112-E459C544C24A}.Debug|Any CPU.Build.0 = Debug|Any CPU
		{3A10B43C-012D-1558-F112-E459C544C24A}.Release|Any CPU.ActiveCfg = Release|Any CPU
		{3A10B43C-012D-1558-F112-E459C544C24A}.Release|Any CPU.Build.0 = Release|Any CPU
		{D97EC64F-2ADB-61B9-8A05-98C8DE48B1C7}.Debug|Any CPU.ActiveCfg = Debug|Any CPU
		{D97EC64F-2ADB-61B9-8A05-98C8DE48B1C7}.Debug|Any CPU.Build.0 = Debug|Any CPU
		{D97EC64F-2ADB-61B9-8A05-98C8DE48B1C7}.Release|Any CPU.ActiveCfg = Release|Any CPU
		{D97EC64F-2ADB-61B9-8A05-98C8DE48B1C7}.Release|Any CPU.Build.0 = Release|Any CPU
		{BFE3F31B-955C-A4CF-9C29-E96DFA60B2BC}.Debug|Any CPU.ActiveCfg = Debug|Any CPU
		{BFE3F31B-955C-A4CF-9C29-E96DFA60B2BC}.Debug|Any CPU.Build.0 = Debug|Any CPU
		{BFE3F31B-955C-A4CF-9C29-E96DFA60B2BC}.Release|Any CPU.ActiveCfg = Release|Any CPU
		{BFE3F31B-955C-A4CF-9C29-E96DFA60B2BC}.Release|Any CPU.Build.0 = Release|Any CPU
		{4605F7C6-42DB-253F-B7B6-16CDD09F3A6E}.Debug|Any CPU.ActiveCfg = Debug|Any CPU
		{4605F7C6-42DB-253F-B7B6-16CDD09F3A6E}.Debug|Any CPU.Build.0 = Debug|Any CPU
		{4605F7C6-42DB-253F-B7B6-16CDD09F3A6E}.Release|Any CPU.ActiveCfg = Release|Any CPU
		{4605F7C6-42DB-253F-B7B6-16CDD09F3A6E}.Release|Any CPU.Build.0 = Release|Any CPU
		{A5A9CA40-338A-563C-D836-F8BA4264BEA3}.Debug|Any CPU.ActiveCfg = Debug|Any CPU
		{A5A9CA40-338A-563C-D836-F8BA4264BEA3}.Debug|Any CPU.Build.0 = Debug|Any CPU
		{A5A9CA40-338A-563C-D836-F8BA4264BEA3}.Release|Any CPU.ActiveCfg = Release|Any CPU
		{A5A9CA40-338A-563C-D836-F8BA4264BEA3}.Release|Any CPU.Build.0 = Release|Any CPU
		{6D1AA021-9E5B-C0A9-75DF-C1A04086A422}.Debug|Any CPU.ActiveCfg = Debug|Any CPU
		{6D1AA021-9E5B-C0A9-75DF-C1A04086A422}.Debug|Any CPU.Build.0 = Debug|Any CPU
		{6D1AA021-9E5B-C0A9-75DF-C1A04086A422}.Release|Any CPU.ActiveCfg = Release|Any CPU
		{6D1AA021-9E5B-C0A9-75DF-C1A04086A422}.Release|Any CPU.Build.0 = Release|Any CPU
		{86075A49-AED0-6422-8B5D-75B5798DC19A}.Debug|Any CPU.ActiveCfg = Debug|Any CPU
		{86075A49-AED0-6422-8B5D-75B5798DC19A}.Debug|Any CPU.Build.0 = Debug|Any CPU
		{86075A49-AED0-6422-8B5D-75B5798DC19A}.Release|Any CPU.ActiveCfg = Release|Any CPU
		{86075A49-AED0-6422-8B5D-75B5798DC19A}.Release|Any CPU.Build.0 = Release|Any CPU
		{13326BDB-FEA1-BBE6-6802-B65E3D15BD94}.Debug|Any CPU.ActiveCfg = Debug|Any CPU
		{13326BDB-FEA1-BBE6-6802-B65E3D15BD94}.Debug|Any CPU.Build.0 = Debug|Any CPU
		{13326BDB-FEA1-BBE6-6802-B65E3D15BD94}.Release|Any CPU.ActiveCfg = Release|Any CPU
		{13326BDB-FEA1-BBE6-6802-B65E3D15BD94}.Release|Any CPU.Build.0 = Release|Any CPU
		{F968142D-CFC0-34AE-09D1-605515763118}.Debug|Any CPU.ActiveCfg = Debug|Any CPU
		{F968142D-CFC0-34AE-09D1-605515763118}.Debug|Any CPU.Build.0 = Debug|Any CPU
		{F968142D-CFC0-34AE-09D1-605515763118}.Release|Any CPU.ActiveCfg = Release|Any CPU
		{F968142D-CFC0-34AE-09D1-605515763118}.Release|Any CPU.Build.0 = Release|Any CPU
		{ABE26583-AE96-9379-E2FE-250104BCEEC1}.Debug|Any CPU.ActiveCfg = Debug|Any CPU
		{ABE26583-AE96-9379-E2FE-250104BCEEC1}.Debug|Any CPU.Build.0 = Debug|Any CPU
		{ABE26583-AE96-9379-E2FE-250104BCEEC1}.Release|Any CPU.ActiveCfg = Release|Any CPU
		{ABE26583-AE96-9379-E2FE-250104BCEEC1}.Release|Any CPU.Build.0 = Release|Any CPU
		{BDA522BF-28F8-AEE9-CCAC-BBCC11AA322D}.Debug|Any CPU.ActiveCfg = Debug|Any CPU
		{BDA522BF-28F8-AEE9-CCAC-BBCC11AA322D}.Debug|Any CPU.Build.0 = Debug|Any CPU
		{BDA522BF-28F8-AEE9-CCAC-BBCC11AA322D}.Release|Any CPU.ActiveCfg = Release|Any CPU
		{BDA522BF-28F8-AEE9-CCAC-BBCC11AA322D}.Release|Any CPU.Build.0 = Release|Any CPU
		{DDDD3803-C2A1-FDA5-85C2-C6AE97C6B890}.Debug|Any CPU.ActiveCfg = Debug|Any CPU
		{DDDD3803-C2A1-FDA5-85C2-C6AE97C6B890}.Debug|Any CPU.Build.0 = Debug|Any CPU
		{DDDD3803-C2A1-FDA5-85C2-C6AE97C6B890}.Release|Any CPU.ActiveCfg = Release|Any CPU
		{DDDD3803-C2A1-FDA5-85C2-C6AE97C6B890}.Release|Any CPU.Build.0 = Release|Any CPU
		{667AE8A3-BBB6-095D-3785-726D4CD9453D}.Debug|Any CPU.ActiveCfg = Debug|Any CPU
		{667AE8A3-BBB6-095D-3785-726D4CD9453D}.Debug|Any CPU.Build.0 = Debug|Any CPU
		{667AE8A3-BBB6-095D-3785-726D4CD9453D}.Release|Any CPU.ActiveCfg = Release|Any CPU
		{667AE8A3-BBB6-095D-3785-726D4CD9453D}.Release|Any CPU.Build.0 = Release|Any CPU
		{03629540-1142-6C93-5C8B-7DFA932C3F18}.Debug|Any CPU.ActiveCfg = Debug|Any CPU
		{03629540-1142-6C93-5C8B-7DFA932C3F18}.Debug|Any CPU.Build.0 = Debug|Any CPU
		{03629540-1142-6C93-5C8B-7DFA932C3F18}.Release|Any CPU.ActiveCfg = Release|Any CPU
		{03629540-1142-6C93-5C8B-7DFA932C3F18}.Release|Any CPU.Build.0 = Release|Any CPU
		{1DF3B4DE-E61D-9406-26CB-1C19838BDF4C}.Debug|Any CPU.ActiveCfg = Debug|Any CPU
		{1DF3B4DE-E61D-9406-26CB-1C19838BDF4C}.Debug|Any CPU.Build.0 = Debug|Any CPU
		{1DF3B4DE-E61D-9406-26CB-1C19838BDF4C}.Release|Any CPU.ActiveCfg = Release|Any CPU
		{1DF3B4DE-E61D-9406-26CB-1C19838BDF4C}.Release|Any CPU.Build.0 = Release|Any CPU
		{6AC90047-2B1F-D2CC-CE3C-4ED696E4087F}.Debug|Any CPU.ActiveCfg = Debug|Any CPU
		{6AC90047-2B1F-D2CC-CE3C-4ED696E4087F}.Debug|Any CPU.Build.0 = Debug|Any CPU
		{6AC90047-2B1F-D2CC-CE3C-4ED696E4087F}.Release|Any CPU.ActiveCfg = Release|Any CPU
		{6AC90047-2B1F-D2CC-CE3C-4ED696E4087F}.Release|Any CPU.Build.0 = Release|Any CPU
		{87CA4711-2F3A-18A6-D912-FF7EAA1859BF}.Debug|Any CPU.ActiveCfg = Debug|Any CPU
		{87CA4711-2F3A-18A6-D912-FF7EAA1859BF}.Debug|Any CPU.Build.0 = Debug|Any CPU
		{87CA4711-2F3A-18A6-D912-FF7EAA1859BF}.Release|Any CPU.ActiveCfg = Release|Any CPU
		{87CA4711-2F3A-18A6-D912-FF7EAA1859BF}.Release|Any CPU.Build.0 = Release|Any CPU
		{177B7377-CE6B-B881-0991-83952493DECD}.Debug|Any CPU.ActiveCfg = Debug|Any CPU
		{177B7377-CE6B-B881-0991-83952493DECD}.Debug|Any CPU.Build.0 = Debug|Any CPU
		{177B7377-CE6B-B881-0991-83952493DECD}.Release|Any CPU.ActiveCfg = Release|Any CPU
		{177B7377-CE6B-B881-0991-83952493DECD}.Release|Any CPU.Build.0 = Release|Any CPU
		{9E66F281-D4C2-0DA0-D652-D4D42D57C06C}.Debug|Any CPU.ActiveCfg = Debug|Any CPU
		{9E66F281-D4C2-0DA0-D652-D4D42D57C06C}.Debug|Any CPU.Build.0 = Debug|Any CPU
		{9E66F281-D4C2-0DA0-D652-D4D42D57C06C}.Release|Any CPU.ActiveCfg = Release|Any CPU
		{9E66F281-D4C2-0DA0-D652-D4D42D57C06C}.Release|Any CPU.Build.0 = Release|Any CPU
		{EC2486F2-23BF-C300-08C7-007D4A5DB64B}.Debug|Any CPU.ActiveCfg = Debug|Any CPU
		{EC2486F2-23BF-C300-08C7-007D4A5DB64B}.Debug|Any CPU.Build.0 = Debug|Any CPU
		{EC2486F2-23BF-C300-08C7-007D4A5DB64B}.Release|Any CPU.ActiveCfg = Release|Any CPU
		{EC2486F2-23BF-C300-08C7-007D4A5DB64B}.Release|Any CPU.Build.0 = Release|Any CPU
		{A05CB513-2584-886D-CE3C-F9DD037E49D9}.Debug|Any CPU.ActiveCfg = Debug|Any CPU
		{A05CB513-2584-886D-CE3C-F9DD037E49D9}.Debug|Any CPU.Build.0 = Debug|Any CPU
		{A05CB513-2584-886D-CE3C-F9DD037E49D9}.Release|Any CPU.ActiveCfg = Release|Any CPU
		{A05CB513-2584-886D-CE3C-F9DD037E49D9}.Release|Any CPU.Build.0 = Release|Any CPU
		{8CE74996-CBFB-5D37-4D24-EB92C074CE0A}.Debug|Any CPU.ActiveCfg = Debug|Any CPU
		{8CE74996-CBFB-5D37-4D24-EB92C074CE0A}.Debug|Any CPU.Build.0 = Debug|Any CPU
		{8CE74996-CBFB-5D37-4D24-EB92C074CE0A}.Release|Any CPU.ActiveCfg = Release|Any CPU
		{8CE74996-CBFB-5D37-4D24-EB92C074CE0A}.Release|Any CPU.Build.0 = Release|Any CPU
		{1268E764-6D3E-4130-F040-171E833A8736}.Debug|Any CPU.ActiveCfg = Debug|Any CPU
		{1268E764-6D3E-4130-F040-171E833A8736}.Debug|Any CPU.Build.0 = Debug|Any CPU
		{1268E764-6D3E-4130-F040-171E833A8736}.Release|Any CPU.ActiveCfg = Release|Any CPU
		{1268E764-6D3E-4130-F040-171E833A8736}.Release|Any CPU.Build.0 = Release|Any CPU
		{005565DC-F895-5E07-8C1A-AB7157B8BFF3}.Debug|Any CPU.ActiveCfg = Debug|Any CPU
		{005565DC-F895-5E07-8C1A-AB7157B8BFF3}.Debug|Any CPU.Build.0 = Debug|Any CPU
		{005565DC-F895-5E07-8C1A-AB7157B8BFF3}.Release|Any CPU.ActiveCfg = Release|Any CPU
		{005565DC-F895-5E07-8C1A-AB7157B8BFF3}.Release|Any CPU.Build.0 = Release|Any CPU
		{B4DC4809-8E26-2493-994C-CD5CD858EFA3}.Debug|Any CPU.ActiveCfg = Debug|Any CPU
		{B4DC4809-8E26-2493-994C-CD5CD858EFA3}.Debug|Any CPU.Build.0 = Debug|Any CPU
		{B4DC4809-8E26-2493-994C-CD5CD858EFA3}.Release|Any CPU.ActiveCfg = Release|Any CPU
		{B4DC4809-8E26-2493-994C-CD5CD858EFA3}.Release|Any CPU.Build.0 = Release|Any CPU
		{A9946109-21A9-3470-BDAE-9E1659E6C21F}.Debug|Any CPU.ActiveCfg = Debug|Any CPU
		{A9946109-21A9-3470-BDAE-9E1659E6C21F}.Debug|Any CPU.Build.0 = Debug|Any CPU
		{A9946109-21A9-3470-BDAE-9E1659E6C21F}.Release|Any CPU.ActiveCfg = Release|Any CPU
		{A9946109-21A9-3470-BDAE-9E1659E6C21F}.Release|Any CPU.Build.0 = Release|Any CPU
		{B7ED3FD8-130D-6852-B659-CB1665B65094}.Debug|Any CPU.ActiveCfg = Debug|Any CPU
		{B7ED3FD8-130D-6852-B659-CB1665B65094}.Debug|Any CPU.Build.0 = Debug|Any CPU
		{B7ED3FD8-130D-6852-B659-CB1665B65094}.Release|Any CPU.ActiveCfg = Release|Any CPU
		{B7ED3FD8-130D-6852-B659-CB1665B65094}.Release|Any CPU.Build.0 = Release|Any CPU
		{9B196A7A-005C-9540-B3B2-20D2EA7A9FF8}.Debug|Any CPU.ActiveCfg = Debug|Any CPU
		{9B196A7A-005C-9540-B3B2-20D2EA7A9FF8}.Debug|Any CPU.Build.0 = Debug|Any CPU
		{9B196A7A-005C-9540-B3B2-20D2EA7A9FF8}.Release|Any CPU.ActiveCfg = Release|Any CPU
		{9B196A7A-005C-9540-B3B2-20D2EA7A9FF8}.Release|Any CPU.Build.0 = Release|Any CPU
		{F69E5FE2-1279-AF0B-24CD-C3AA8179DFB8}.Debug|Any CPU.ActiveCfg = Debug|Any CPU
		{F69E5FE2-1279-AF0B-24CD-C3AA8179DFB8}.Debug|Any CPU.Build.0 = Debug|Any CPU
		{F69E5FE2-1279-AF0B-24CD-C3AA8179DFB8}.Release|Any CPU.ActiveCfg = Release|Any CPU
		{F69E5FE2-1279-AF0B-24CD-C3AA8179DFB8}.Release|Any CPU.Build.0 = Release|Any CPU
		{4ACFB10F-CF61-8FD3-F99E-FA9BEBDF3718}.Debug|Any CPU.ActiveCfg = Debug|Any CPU
		{4ACFB10F-CF61-8FD3-F99E-FA9BEBDF3718}.Debug|Any CPU.Build.0 = Debug|Any CPU
		{4ACFB10F-CF61-8FD3-F99E-FA9BEBDF3718}.Release|Any CPU.ActiveCfg = Release|Any CPU
		{4ACFB10F-CF61-8FD3-F99E-FA9BEBDF3718}.Release|Any CPU.Build.0 = Release|Any CPU
		{3BA5B6EA-903F-E7B9-7F3A-47173D06C57B}.Debug|Any CPU.ActiveCfg = Debug|Any CPU
		{3BA5B6EA-903F-E7B9-7F3A-47173D06C57B}.Debug|Any CPU.Build.0 = Debug|Any CPU
		{3BA5B6EA-903F-E7B9-7F3A-47173D06C57B}.Release|Any CPU.ActiveCfg = Release|Any CPU
		{3BA5B6EA-903F-E7B9-7F3A-47173D06C57B}.Release|Any CPU.Build.0 = Release|Any CPU
	EndGlobalSection
	GlobalSection(SolutionProperties) = preSolution
		HideSolutionNode = FALSE
	EndGlobalSection
EndGlobal
