
Microsoft Visual Studio Solution File, Format Version 12.00
# Visual Studio 15
Project("{FAE04EC0-301F-11D3-BF4B-00C04F79EFBC}") = "UnityEngine.TestRunner", "UnityEngine.TestRunner.csproj", "{6442954D-6F24-D11A-B172-90EC21176F8A}"
EndProject
Project("{FAE04EC0-301F-11D3-BF4B-00C04F79EFBC}") = "UnityEngine.UI", "UnityEngine.UI.csproj", "{C9B70220-747B-A615-ADD4-0A2F4AB2A430}"
EndProject
Project("{FAE04EC0-301F-11D3-BF4B-00C04F79EFBC}") = "Unity.VisualScripting.Flow", "Unity.VisualScripting.Flow.csproj", "{B4BC5EA4-F8EE-73AD-1F51-E12B14461770}"
EndProject
Project("{FAE04EC0-301F-11D3-BF4B-00C04F79EFBC}") = "Unity.Services.Core.Telemetry", "Unity.Services.Core.Telemetry.csproj", "{34E8AC1F-42C1-1D4C-360C-09BD80FC7C8D}"
EndProject
Project("{FAE04EC0-301F-11D3-BF4B-00C04F79EFBC}") = "Unity.VisualScripting.State", "Unity.VisualScripting.State.csproj", "{424553D4-A2D8-21E0-3180-1DFDBCBF5DD5}"
EndProject
Project("{FAE04EC0-301F-11D3-BF4B-00C04F79EFBC}") = "Unity.VisualScripting.Core", "Unity.VisualScripting.Core.csproj", "{A7E68F57-805D-0648-A2F1-D4259DB79ECE}"
EndProject
Project("{FAE04EC0-301F-11D3-BF4B-00C04F79EFBC}") = "Unity.Postprocessing.Runtime", "Unity.Postprocessing.Runtime.csproj", "{4227BB31-C816-35B9-67B6-2363B26CA960}"
EndProject
Project("{FAE04EC0-301F-11D3-BF4B-00C04F79EFBC}") = "Unity.Services.Core.Environments.Internal", "Unity.Services.Core.Environments.Internal.csproj", "{E2645831-8E7D-9B8C-D456-3CE7E566ED99}"
EndProject
Project("{FAE04EC0-301F-11D3-BF4B-00C04F79EFBC}") = "Assembly-CSharp", "Assembly-CSharp.csproj", "{82ABEACB-2171-5EF0-1084-EDD26729AD2E}"
EndProject
Project("{FAE04EC0-301F-11D3-BF4B-00C04F79EFBC}") = "Unity.TextMeshPro", "Unity.TextMeshPro.csproj", "{95B63CC5-DAD6-A25F-324D-576F56739218}"
EndProject
Project("{FAE04EC0-301F-11D3-BF4B-00C04F79EFBC}") = "Unity.ProBuilder.Poly2Tri", "Unity.ProBuilder.Poly2Tri.csproj", "{5AECD44A-0FF9-82A0-C607-C6242E7C7407}"
EndProject
Project("{FAE04EC0-301F-11D3-BF4B-00C04F79EFBC}") = "Unity.Timeline", "Unity.Timeline.csproj", "{365AEE43-2069-D199-8517-0FE98BCD259C}"
EndProject
Project("{FAE04EC0-301F-11D3-BF4B-00C04F79EFBC}") = "Unity.Services.Core", "Unity.Services.Core.csproj", "{4140221D-90A7-9048-6640-F02EDA47D402}"
EndProject
Project("{FAE04EC0-301F-11D3-BF4B-00C04F79EFBC}") = "Unity.ProBuilder", "Unity.ProBuilder.csproj", "{BB1B16AC-0BD6-FD5D-182B-5AFFFBF7366A}"
EndProject
Project("{FAE04EC0-301F-11D3-BF4B-00C04F79EFBC}") = "Unity.Services.Core.Environments", "Unity.Services.Core.Environments.csproj", "{6C376855-3581-8704-4401-1A4DD7A8F1BD}"
EndProject
Project("{FAE04EC0-301F-11D3-BF4B-00C04F79EFBC}") = "Unity.Services.Core.Internal", "Unity.Services.Core.Internal.csproj", "{AF434D0D-9AB1-E439-6D93-5B48748D819B}"
EndProject
Project("{FAE04EC0-301F-11D3-BF4B-00C04F79EFBC}") = "Unity.Services.Core.Analytics", "Unity.Services.Core.Analytics.csproj", "{08D358EB-C57A-4BEF-3E37-09F33447F949}"
EndProject
Project("{FAE04EC0-301F-11D3-BF4B-00C04F79EFBC}") = "Unity.ProGrids", "Unity.ProGrids.csproj", "{76CF79A7-4074-784A-75CA-E9DBF3110D18}"
EndProject
Project("{FAE04EC0-301F-11D3-BF4B-00C04F79EFBC}") = "Unity.ProBuilder.Csg", "Unity.ProBuilder.Csg.csproj", "{172B67C8-9EF3-624A-F164-63786A30595B}"
EndProject
Project("{FAE04EC0-301F-11D3-BF4B-00C04F79EFBC}") = "Unity.Services.Core.Scheduler", "Unity.Services.Core.Scheduler.csproj", "{3EE43A67-1140-0EEA-AD82-EE64B80C1111}"
EndProject
Project("{FAE04EC0-301F-11D3-BF4B-00C04F79EFBC}") = "Unity.Services.Core.Registration", "Unity.Services.Core.Registration.csproj", "{97D188F4-A964-CD79-BA51-97ADDF947899}"
EndProject
Project("{FAE04EC0-301F-11D3-BF4B-00C04F79EFBC}") = "Unity.Services.Core.Device", "Unity.Services.Core.Device.csproj", "{6B87AC9B-8EB8-540A-4406-D58DD4230CFD}"
EndProject
Project("{FAE04EC0-301F-11D3-BF4B-00C04F79EFBC}") = "Unity.Services.Core.Threading", "Unity.Services.Core.Threading.csproj", "{F80570D7-E03B-17D8-F0EF-EAC270000563}"
EndProject
Project("{FAE04EC0-301F-11D3-BF4B-00C04F79EFBC}") = "Unity.Services.Core.Networking", "Unity.Services.Core.Networking.csproj", "{2458838C-6CDD-D8FC-3F25-6D3C868CB9A7}"
EndProject
Project("{FAE04EC0-301F-11D3-BF4B-00C04F79EFBC}") = "Unity.ProBuilder.KdTree", "Unity.ProBuilder.KdTree.csproj", "{4CED92A4-5232-08DC-8E28-4AAC5DACA747}"
EndProject
Project("{FAE04EC0-301F-11D3-BF4B-00C04F79EFBC}") = "Unity.Services.Core.Configuration", "Unity.Services.Core.Configuration.csproj", "{8A352CC8-5796-B65E-5D1E-98598994B293}"
EndProject
Project("{FAE04EC0-301F-11D3-BF4B-00C04F79EFBC}") = "Unity.ProBuilder.Stl", "Unity.ProBuilder.Stl.csproj", "{7EC94E52-79F5-8B90-EF0A-29B4AC238EC2}"
EndProject
Project("{FAE04EC0-301F-11D3-BF4B-00C04F79EFBC}") = "Unity.PlasticSCM.Editor", "Unity.PlasticSCM.Editor.csproj", "{8D3BD2CD-2DF1-2C38-6D22-0564E99E050B}"
EndProject
Project("{FAE04EC0-301F-11D3-BF4B-00C04F79EFBC}") = "Unity.VisualScripting.Core.Editor", "Unity.VisualScripting.Core.Editor.csproj", "{B3249717-8F2E-B81A-A9C3-135DF5B89870}"
EndProject
Project("{FAE04EC0-301F-11D3-BF4B-00C04F79EFBC}") = "Unity.VisualScripting.Flow.Editor", "Unity.VisualScripting.Flow.Editor.csproj", "{DE1B7CA5-352B-F541-5CAC-5BFE17CF79F5}"
EndProject
Project("{FAE04EC0-301F-11D3-BF4B-00C04F79EFBC}") = "Unity.VisualStudio.Editor", "Unity.VisualStudio.Editor.csproj", "{67010BDA-DE6D-B2CB-8A61-5C2C185C8EFA}"
EndProject
Project("{FAE04EC0-301F-11D3-BF4B-00C04F79EFBC}") = "Unity.ProBuilder.Editor", "Unity.ProBuilder.Editor.csproj", "{EA1DBF6D-0619-9AAC-0201-47988C7086A3}"
EndProject
Project("{FAE04EC0-301F-11D3-BF4B-00C04F79EFBC}") = "Unity.Timeline.Editor", "Unity.Timeline.Editor.csproj", "{756F536A-C40D-83B5-A5C2-6969456D0A3D}"
EndProject
Project("{FAE04EC0-301F-11D3-BF4B-00C04F79EFBC}") = "Unity.VisualScripting.State.Editor", "Unity.VisualScripting.State.Editor.csproj", "{17F11690-17BE-8705-F536-AAD073CFE125}"
EndProject
Project("{FAE04EC0-301F-11D3-BF4B-00C04F79EFBC}") = "Unity.TextMeshPro.Editor", "Unity.TextMeshPro.Editor.csproj", "{EC66B28C-1122-A499-41FB-F031BA7B28E0}"
EndProject
Project("{FAE04EC0-301F-11D3-BF4B-00C04F79EFBC}") = "Unity.VisualScripting.SettingsProvider.Editor", "Unity.VisualScripting.SettingsProvider.Editor.csproj", "{7805BE77-CE59-5281-0C94-ACBC6C4ECE62}"
EndProject
Project("{FAE04EC0-301F-11D3-BF4B-00C04F79EFBC}") = "Unity.CollabProxy.Editor", "Unity.CollabProxy.Editor.csproj", "{78FBF9FA-C1C2-7367-57EC-CD350F206D5C}"
EndProject
Project("{FAE04EC0-301F-11D3-BF4B-00C04F79EFBC}") = "UnityEditor.TestRunner", "UnityEditor.TestRunner.csproj", "{2C8CAFB3-FAE2-7D00-0C52-1182035432EB}"
EndProject
Project("{FAE04EC0-301F-11D3-BF4B-00C04F79EFBC}") = "Unity.Postprocessing.Editor", "Unity.Postprocessing.Editor.csproj", "{29D90D74-9FF2-EFE2-9D85-2B902394B1EB}"
EndProject
Project("{FAE04EC0-301F-11D3-BF4B-00C04F79EFBC}") = "Unity.Services.Core.Editor", "Unity.Services.Core.Editor.csproj", "{5A128ABF-4041-5D25-AE3B-20C0A3C6F8CA}"
EndProject
Project("{FAE04EC0-301F-11D3-BF4B-00C04F79EFBC}") = "Unity.TestTools.CodeCoverage.Editor", "Unity.TestTools.CodeCoverage.Editor.csproj", "{61E7A647-41C9-692A-8F9D-151E4EE2B4CB}"
EndProject
Project("{FAE04EC0-301F-11D3-BF4B-00C04F79EFBC}") = "Unity.Rider.Editor", "Unity.Rider.Editor.csproj", "{4F1F74DD-EBCC-3B25-2F3E-8B86D60FF4D1}"
EndProject
Project("{FAE04EC0-301F-11D3-BF4B-00C04F79EFBC}") = "Unity.Performance.Profile-Analyzer.Editor", "Unity.Performance.Profile-Analyzer.Editor.csproj", "{9F71B2B1-8AD8-6E04-F762-42C93D22FB2A}"
EndProject
Project("{FAE04EC0-301F-11D3-BF4B-00C04F79EFBC}") = "Unity.ProGrids.Editor", "Unity.ProGrids.Editor.csproj", "{7F1DB79E-59CB-DAAF-FABF-B9DBB4754562}"
EndProject
Project("{FAE04EC0-301F-11D3-BF4B-00C04F79EFBC}") = "Unity.VSCode.Editor", "Unity.VSCode.Editor.csproj", "{6051D327-3800-3225-2AEA-69EF1E73BD1C}"
EndProject
Project("{FAE04EC0-301F-11D3-BF4B-00C04F79EFBC}") = "Unity.ProBuilder.AssetIdRemapUtility", "Unity.ProBuilder.AssetIdRemapUtility.csproj", "{ACC5F8C3-E183-1669-7CBC-EEE9406E5539}"
EndProject
Project("{FAE04EC0-301F-11D3-BF4B-00C04F79EFBC}") = "UnityEditor.UI", "UnityEditor.UI.csproj", "{7CA2E01C-D280-2137-3899-FCA92402330F}"
EndProject
Project("{FAE04EC0-301F-11D3-BF4B-00C04F79EFBC}") = "Unity.TestTools.CodeCoverage.Editor.OpenCover.Model", "Unity.TestTools.CodeCoverage.Editor.OpenCover.Model.csproj", "{2F4D7513-356A-635A-C08A-22E7ACEBDC5A}"
EndProject
Project("{FAE04EC0-301F-11D3-BF4B-00C04F79EFBC}") = "Unity.EditorCoroutines.Editor", "Unity.EditorCoroutines.Editor.csproj", "{D7B33BBA-38A2-EF7F-C0D4-3908C211695D}"
EndProject
Project("{FAE04EC0-301F-11D3-BF4B-00C04F79EFBC}") = "Unity.Settings.Editor", "Unity.Settings.Editor.csproj", "{B5E61EAB-BE8A-99D8-35CB-D84B1BFE651F}"
EndProject
Project("{FAE04EC0-301F-11D3-BF4B-00C04F79EFBC}") = "Unity.Services.Core.Configuration.Editor", "Unity.Services.Core.Configuration.Editor.csproj", "{2744FD38-336B-37D1-2BCA-340940C42F3F}"
EndProject
Project("{FAE04EC0-301F-11D3-BF4B-00C04F79EFBC}") = "Unity.TestTools.CodeCoverage.Editor.OpenCover.Mono.Reflection", "Unity.TestTools.CodeCoverage.Editor.OpenCover.Mono.Reflection.csproj", "{96000149-78F1-8C93-70C5-2F4D497C78DD}"
EndProject
Project("{FAE04EC0-301F-11D3-BF4B-00C04F79EFBC}") = "Unity.VisualScripting.Shared.Editor", "Unity.VisualScripting.Shared.Editor.csproj", "{75BF4E77-FE76-41D5-B4DC-F5A45A2DEEFC}"
EndProject
Project("{FAE04EC0-301F-11D3-BF4B-00C04F79EFBC}") = "Unity.ProBuilder.AddOns.Editor", "Unity.ProBuilder.AddOns.Editor.csproj", "{88AB2ED6-7D04-F544-734A-8CDB58DE19DB}"
EndProject
Project("{FAE04EC0-301F-11D3-BF4B-00C04F79EFBC}") = "UnityEngine.TestRunner", "UnityEngine.TestRunner.Player.csproj", "{632F5834-5365-AC31-C2F0-C63ABD3016C9}"
EndProject
Project("{FAE04EC0-301F-11D3-BF4B-00C04F79EFBC}") = "UnityEngine.UI", "UnityEngine.UI.Player.csproj", "{B40F92B9-A940-3BAB-F6B0-A4CD82DD223C}"
EndProject
Project("{FAE04EC0-301F-11D3-BF4B-00C04F79EFBC}") = "Unity.VisualScripting.Flow", "Unity.VisualScripting.Flow.Player.csproj", "{CED582CD-0158-B7A3-891A-E53489B36CE2}"
EndProject
Project("{FAE04EC0-301F-11D3-BF4B-00C04F79EFBC}") = "Unity.Services.Core.Telemetry", "Unity.Services.Core.Telemetry.Player.csproj", "{AD6104BE-B646-2D6E-1EC9-192511A93617}"
EndProject
Project("{FAE04EC0-301F-11D3-BF4B-00C04F79EFBC}") = "Unity.VisualScripting.State", "Unity.VisualScripting.State.Player.csproj", "{52069C3D-5144-E0F7-C198-F14528D96EF8}"
EndProject
Project("{FAE04EC0-301F-11D3-BF4B-00C04F79EFBC}") = "Unity.VisualScripting.Core", "Unity.VisualScripting.Core.Player.csproj", "{A13956B3-9976-C844-B8B2-9C52252A4C5C}"
EndProject
Project("{FAE04EC0-301F-11D3-BF4B-00C04F79EFBC}") = "Unity.Postprocessing.Runtime", "Unity.Postprocessing.Runtime.Player.csproj", "{D579DF8F-4F98-43A5-788A-0D7CD3676028}"
EndProject
Project("{FAE04EC0-301F-11D3-BF4B-00C04F79EFBC}") = "Unity.Services.Core.Environments.Internal", "Unity.Services.Core.Environments.Internal.Player.csproj", "{075256D0-A36F-FA43-AAF1-6272C81FFB43}"
EndProject
Project("{FAE04EC0-301F-11D3-BF4B-00C04F79EFBC}") = "Assembly-CSharp", "Assembly-CSharp.Player.csproj", "{0B9F2AAA-6881-7CD4-0D81-7D430528172E}"
EndProject
Project("{FAE04EC0-301F-11D3-BF4B-00C04F79EFBC}") = "Unity.TextMeshPro", "Unity.TextMeshPro.Player.csproj", "{BA0B1A99-A500-898B-ECDE-E8BFA2879E9B}"
EndProject
Project("{FAE04EC0-301F-11D3-BF4B-00C04F79EFBC}") = "Unity.ProBuilder.Poly2Tri", "Unity.ProBuilder.Poly2Tri.Player.csproj", "{BF252C77-42B8-757F-CDD9-8B21CDD8A2DC}"
EndProject
Project("{FAE04EC0-301F-11D3-BF4B-00C04F79EFBC}") = "Unity.Timeline", "Unity.Timeline.Player.csproj", "{6F371E25-3C7C-F277-855A-BA0935E8B2F7}"
EndProject
Project("{FAE04EC0-301F-11D3-BF4B-00C04F79EFBC}") = "Unity.Services.Core", "Unity.Services.Core.Player.csproj", "{99C82E84-E3FC-FCCE-7D7C-38A0B76A9BCC}"
EndProject
Project("{FAE04EC0-301F-11D3-BF4B-00C04F79EFBC}") = "Unity.ProBuilder", "Unity.ProBuilder.Player.csproj", "{AED1F789-4723-1478-73B3-EBC429018263}"
EndProject
Project("{FAE04EC0-301F-11D3-BF4B-00C04F79EFBC}") = "Unity.Services.Core.Environments", "Unity.Services.Core.Environments.Player.csproj", "{FE12E5B2-C942-B87F-4594-5219E3F0F404}"
EndProject
Project("{FAE04EC0-301F-11D3-BF4B-00C04F79EFBC}") = "Unity.Services.Core.Internal", "Unity.Services.Core.Internal.Player.csproj", "{B095676A-D5DB-1721-CA84-AC041882E0BE}"
EndProject
Project("{FAE04EC0-301F-11D3-BF4B-00C04F79EFBC}") = "Unity.Services.Core.Analytics", "Unity.Services.Core.Analytics.Player.csproj", "{E3F7EA56-3E7C-1C5E-A241-F92655EAC29A}"
EndProject
Project("{FAE04EC0-301F-11D3-BF4B-00C04F79EFBC}") = "Unity.ProGrids", "Unity.ProGrids.Player.csproj", "{FFD68ECC-4289-1D9F-FAAC-FC84A3EEF1DA}"
EndProject
Project("{FAE04EC0-301F-11D3-BF4B-00C04F79EFBC}") = "Unity.ProBuilder.Csg", "Unity.ProBuilder.Csg.Player.csproj", "{37E8D689-C67D-2840-FA9A-1F106B545CDE}"
EndProject
Project("{FAE04EC0-301F-11D3-BF4B-00C04F79EFBC}") = "Unity.Services.Core.Scheduler", "Unity.Services.Core.Scheduler.Player.csproj", "{60857AF3-71CE-4BFC-73BC-BB6709898840}"
EndProject
Project("{FAE04EC0-301F-11D3-BF4B-00C04F79EFBC}") = "Unity.Services.Core.Registration", "Unity.Services.Core.Registration.Player.csproj", "{26419907-7BEE-5AED-2DF4-31E2871CE049}"
EndProject
Project("{FAE04EC0-301F-11D3-BF4B-00C04F79EFBC}") = "Unity.Services.Core.Device", "Unity.Services.Core.Device.Player.csproj", "{DD949489-D3B3-71AE-0E9E-6096E32997F4}"
EndProject
Project("{FAE04EC0-301F-11D3-BF4B-00C04F79EFBC}") = "Unity.Services.Core.Threading", "Unity.Services.Core.Threading.Player.csproj", "{D91BE692-0D0E-AC13-743D-7773AD0B6CDA}"
EndProject
Project("{FAE04EC0-301F-11D3-BF4B-00C04F79EFBC}") = "Unity.Services.Core.Networking", "Unity.Services.Core.Networking.Player.csproj", "{2EEF4863-491D-15FC-6376-B390C986DCC4}"
EndProject
Project("{FAE04EC0-301F-11D3-BF4B-00C04F79EFBC}") = "Unity.ProBuilder.KdTree", "Unity.ProBuilder.KdTree.Player.csproj", "{0104425F-2A86-218F-68AE-9D7B425A0117}"
EndProject
Project("{FAE04EC0-301F-11D3-BF4B-00C04F79EFBC}") = "Unity.Services.Core.Configuration", "Unity.Services.Core.Configuration.Player.csproj", "{D4A1D412-BCE4-5807-806C-0AF198B42943}"
EndProject
Project("{FAE04EC0-301F-11D3-BF4B-00C04F79EFBC}") = "Unity.ProBuilder.Stl", "Unity.ProBuilder.Stl.Player.csproj", "{8B79862A-AEBF-697E-0C30-6D5DBB95FCA3}"
EndProject
Global
	GlobalSection(SolutionConfigurationPlatforms) = preSolution
		Debug|Any CPU = Debug|Any CPU
		Release|Any CPU = Release|Any CPU
	EndGlobalSection
	GlobalSection(ProjectConfigurationPlatforms) = postSolution
		{6442954D-6F24-D11A-B172-90EC21176F8A}.Debug|Any CPU.ActiveCfg = Debug|Any CPU
		{6442954D-6F24-D11A-B172-90EC21176F8A}.Debug|Any CPU.Build.0 = Debug|Any CPU
		{6442954D-6F24-D11A-B172-90EC21176F8A}.Release|Any CPU.ActiveCfg = Release|Any CPU
		{6442954D-6F24-D11A-B172-90EC21176F8A}.Release|Any CPU.Build.0 = Release|Any CPU
		{C9B70220-747B-A615-ADD4-0A2F4AB2A430}.Debug|Any CPU.ActiveCfg = Debug|Any CPU
		{C9B70220-747B-A615-ADD4-0A2F4AB2A430}.Debug|Any CPU.Build.0 = Debug|Any CPU
		{C9B70220-747B-A615-ADD4-0A2F4AB2A430}.Release|Any CPU.ActiveCfg = Release|Any CPU
		{C9B70220-747B-A615-ADD4-0A2F4AB2A430}.Release|Any CPU.Build.0 = Release|Any CPU
		{B4BC5EA4-F8EE-73AD-1F51-E12B14461770}.Debug|Any CPU.ActiveCfg = Debug|Any CPU
		{B4BC5EA4-F8EE-73AD-1F51-E12B14461770}.Debug|Any CPU.Build.0 = Debug|Any CPU
		{B4BC5EA4-F8EE-73AD-1F51-E12B14461770}.Release|Any CPU.ActiveCfg = Release|Any CPU
		{B4BC5EA4-F8EE-73AD-1F51-E12B14461770}.Release|Any CPU.Build.0 = Release|Any CPU
		{34E8AC1F-42C1-1D4C-360C-09BD80FC7C8D}.Debug|Any CPU.ActiveCfg = Debug|Any CPU
		{34E8AC1F-42C1-1D4C-360C-09BD80FC7C8D}.Debug|Any CPU.Build.0 = Debug|Any CPU
		{34E8AC1F-42C1-1D4C-360C-09BD80FC7C8D}.Release|Any CPU.ActiveCfg = Release|Any CPU
		{34E8AC1F-42C1-1D4C-360C-09BD80FC7C8D}.Release|Any CPU.Build.0 = Release|Any CPU
		{424553D4-A2D8-21E0-3180-1DFDBCBF5DD5}.Debug|Any CPU.ActiveCfg = Debug|Any CPU
		{424553D4-A2D8-21E0-3180-1DFDBCBF5DD5}.Debug|Any CPU.Build.0 = Debug|Any CPU
		{424553D4-A2D8-21E0-3180-1DFDBCBF5DD5}.Release|Any CPU.ActiveCfg = Release|Any CPU
		{424553D4-A2D8-21E0-3180-1DFDBCBF5DD5}.Release|Any CPU.Build.0 = Release|Any CPU
		{A7E68F57-805D-0648-A2F1-D4259DB79ECE}.Debug|Any CPU.ActiveCfg = Debug|Any CPU
		{A7E68F57-805D-0648-A2F1-D4259DB79ECE}.Debug|Any CPU.Build.0 = Debug|Any CPU
		{A7E68F57-805D-0648-A2F1-D4259DB79ECE}.Release|Any CPU.ActiveCfg = Release|Any CPU
		{A7E68F57-805D-0648-A2F1-D4259DB79ECE}.Release|Any CPU.Build.0 = Release|Any CPU
		{4227BB31-C816-35B9-67B6-2363B26CA960}.Debug|Any CPU.ActiveCfg = Debug|Any CPU
		{4227BB31-C816-35B9-67B6-2363B26CA960}.Debug|Any CPU.Build.0 = Debug|Any CPU
		{4227BB31-C816-35B9-67B6-2363B26CA960}.Release|Any CPU.ActiveCfg = Release|Any CPU
		{4227BB31-C816-35B9-67B6-2363B26CA960}.Release|Any CPU.Build.0 = Release|Any CPU
		{E2645831-8E7D-9B8C-D456-3CE7E566ED99}.Debug|Any CPU.ActiveCfg = Debug|Any CPU
		{E2645831-8E7D-9B8C-D456-3CE7E566ED99}.Debug|Any CPU.Build.0 = Debug|Any CPU
		{E2645831-8E7D-9B8C-D456-3CE7E566ED99}.Release|Any CPU.ActiveCfg = Release|Any CPU
		{E2645831-8E7D-9B8C-D456-3CE7E566ED99}.Release|Any CPU.Build.0 = Release|Any CPU
		{82ABEACB-2171-5EF0-1084-EDD26729AD2E}.Debug|Any CPU.ActiveCfg = Debug|Any CPU
		{82ABEACB-2171-5EF0-1084-EDD26729AD2E}.Debug|Any CPU.Build.0 = Debug|Any CPU
		{82ABEACB-2171-5EF0-1084-EDD26729AD2E}.Release|Any CPU.ActiveCfg = Release|Any CPU
		{82ABEACB-2171-5EF0-1084-EDD26729AD2E}.Release|Any CPU.Build.0 = Release|Any CPU
		{95B63CC5-DAD6-A25F-324D-576F56739218}.Debug|Any CPU.ActiveCfg = Debug|Any CPU
		{95B63CC5-DAD6-A25F-324D-576F56739218}.Debug|Any CPU.Build.0 = Debug|Any CPU
		{95B63CC5-DAD6-A25F-324D-576F56739218}.Release|Any CPU.ActiveCfg = Release|Any CPU
		{95B63CC5-DAD6-A25F-324D-576F56739218}.Release|Any CPU.Build.0 = Release|Any CPU
		{5AECD44A-0FF9-82A0-C607-C6242E7C7407}.Debug|Any CPU.ActiveCfg = Debug|Any CPU
		{5AECD44A-0FF9-82A0-C607-C6242E7C7407}.Debug|Any CPU.Build.0 = Debug|Any CPU
		{5AECD44A-0FF9-82A0-C607-C6242E7C7407}.Release|Any CPU.ActiveCfg = Release|Any CPU
		{5AECD44A-0FF9-82A0-C607-C6242E7C7407}.Release|Any CPU.Build.0 = Release|Any CPU
		{365AEE43-2069-D199-8517-0FE98BCD259C}.Debug|Any CPU.ActiveCfg = Debug|Any CPU
		{365AEE43-2069-D199-8517-0FE98BCD259C}.Debug|Any CPU.Build.0 = Debug|Any CPU
		{365AEE43-2069-D199-8517-0FE98BCD259C}.Release|Any CPU.ActiveCfg = Release|Any CPU
		{365AEE43-2069-D199-8517-0FE98BCD259C}.Release|Any CPU.Build.0 = Release|Any CPU
		{4140221D-90A7-9048-6640-F02EDA47D402}.Debug|Any CPU.ActiveCfg = Debug|Any CPU
		{4140221D-90A7-9048-6640-F02EDA47D402}.Debug|Any CPU.Build.0 = Debug|Any CPU
		{4140221D-90A7-9048-6640-F02EDA47D402}.Release|Any CPU.ActiveCfg = Release|Any CPU
		{4140221D-90A7-9048-6640-F02EDA47D402}.Release|Any CPU.Build.0 = Release|Any CPU
		{BB1B16AC-0BD6-FD5D-182B-5AFFFBF7366A}.Debug|Any CPU.ActiveCfg = Debug|Any CPU
		{BB1B16AC-0BD6-FD5D-182B-5AFFFBF7366A}.Debug|Any CPU.Build.0 = Debug|Any CPU
		{BB1B16AC-0BD6-FD5D-182B-5AFFFBF7366A}.Release|Any CPU.ActiveCfg = Release|Any CPU
		{BB1B16AC-0BD6-FD5D-182B-5AFFFBF7366A}.Release|Any CPU.Build.0 = Release|Any CPU
		{6C376855-3581-8704-4401-1A4DD7A8F1BD}.Debug|Any CPU.ActiveCfg = Debug|Any CPU
		{6C376855-3581-8704-4401-1A4DD7A8F1BD}.Debug|Any CPU.Build.0 = Debug|Any CPU
		{6C376855-3581-8704-4401-1A4DD7A8F1BD}.Release|Any CPU.ActiveCfg = Release|Any CPU
		{6C376855-3581-8704-4401-1A4DD7A8F1BD}.Release|Any CPU.Build.0 = Release|Any CPU
		{AF434D0D-9AB1-E439-6D93-5B48748D819B}.Debug|Any CPU.ActiveCfg = Debug|Any CPU
		{AF434D0D-9AB1-E439-6D93-5B48748D819B}.Debug|Any CPU.Build.0 = Debug|Any CPU
		{AF434D0D-9AB1-E439-6D93-5B48748D819B}.Release|Any CPU.ActiveCfg = Release|Any CPU
		{AF434D0D-9AB1-E439-6D93-5B48748D819B}.Release|Any CPU.Build.0 = Release|Any CPU
		{08D358EB-C57A-4BEF-3E37-09F33447F949}.Debug|Any CPU.ActiveCfg = Debug|Any CPU
		{08D358EB-C57A-4BEF-3E37-09F33447F949}.Debug|Any CPU.Build.0 = Debug|Any CPU
		{08D358EB-C57A-4BEF-3E37-09F33447F949}.Release|Any CPU.ActiveCfg = Release|Any CPU
		{08D358EB-C57A-4BEF-3E37-09F33447F949}.Release|Any CPU.Build.0 = Release|Any CPU
		{76CF79A7-4074-784A-75CA-E9DBF3110D18}.Debug|Any CPU.ActiveCfg = Debug|Any CPU
		{76CF79A7-4074-784A-75CA-E9DBF3110D18}.Debug|Any CPU.Build.0 = Debug|Any CPU
		{76CF79A7-4074-784A-75CA-E9DBF3110D18}.Release|Any CPU.ActiveCfg = Release|Any CPU
		{76CF79A7-4074-784A-75CA-E9DBF3110D18}.Release|Any CPU.Build.0 = Release|Any CPU
		{172B67C8-9EF3-624A-F164-63786A30595B}.Debug|Any CPU.ActiveCfg = Debug|Any CPU
		{172B67C8-9EF3-624A-F164-63786A30595B}.Debug|Any CPU.Build.0 = Debug|Any CPU
		{172B67C8-9EF3-624A-F164-63786A30595B}.Release|Any CPU.ActiveCfg = Release|Any CPU
		{172B67C8-9EF3-624A-F164-63786A30595B}.Release|Any CPU.Build.0 = Release|Any CPU
		{3EE43A67-1140-0EEA-AD82-EE64B80C1111}.Debug|Any CPU.ActiveCfg = Debug|Any CPU
		{3EE43A67-1140-0EEA-AD82-EE64B80C1111}.Debug|Any CPU.Build.0 = Debug|Any CPU
		{3EE43A67-1140-0EEA-AD82-EE64B80C1111}.Release|Any CPU.ActiveCfg = Release|Any CPU
		{3EE43A67-1140-0EEA-AD82-EE64B80C1111}.Release|Any CPU.Build.0 = Release|Any CPU
		{97D188F4-A964-CD79-BA51-97ADDF947899}.Debug|Any CPU.ActiveCfg = Debug|Any CPU
		{97D188F4-A964-CD79-BA51-97ADDF947899}.Debug|Any CPU.Build.0 = Debug|Any CPU
		{97D188F4-A964-CD79-BA51-97ADDF947899}.Release|Any CPU.ActiveCfg = Release|Any CPU
		{97D188F4-A964-CD79-BA51-97ADDF947899}.Release|Any CPU.Build.0 = Release|Any CPU
		{6B87AC9B-8EB8-540A-4406-D58DD4230CFD}.Debug|Any CPU.ActiveCfg = Debug|Any CPU
		{6B87AC9B-8EB8-540A-4406-D58DD4230CFD}.Debug|Any CPU.Build.0 = Debug|Any CPU
		{6B87AC9B-8EB8-540A-4406-D58DD4230CFD}.Release|Any CPU.ActiveCfg = Release|Any CPU
		{6B87AC9B-8EB8-540A-4406-D58DD4230CFD}.Release|Any CPU.Build.0 = Release|Any CPU
		{F80570D7-E03B-17D8-F0EF-EAC270000563}.Debug|Any CPU.ActiveCfg = Debug|Any CPU
		{F80570D7-E03B-17D8-F0EF-EAC270000563}.Debug|Any CPU.Build.0 = Debug|Any CPU
		{F80570D7-E03B-17D8-F0EF-EAC270000563}.Release|Any CPU.ActiveCfg = Release|Any CPU
		{F80570D7-E03B-17D8-F0EF-EAC270000563}.Release|Any CPU.Build.0 = Release|Any CPU
		{2458838C-6CDD-D8FC-3F25-6D3C868CB9A7}.Debug|Any CPU.ActiveCfg = Debug|Any CPU
		{2458838C-6CDD-D8FC-3F25-6D3C868CB9A7}.Debug|Any CPU.Build.0 = Debug|Any CPU
		{2458838C-6CDD-D8FC-3F25-6D3C868CB9A7}.Release|Any CPU.ActiveCfg = Release|Any CPU
		{2458838C-6CDD-D8FC-3F25-6D3C868CB9A7}.Release|Any CPU.Build.0 = Release|Any CPU
		{4CED92A4-5232-08DC-8E28-4AAC5DACA747}.Debug|Any CPU.ActiveCfg = Debug|Any CPU
		{4CED92A4-5232-08DC-8E28-4AAC5DACA747}.Debug|Any CPU.Build.0 = Debug|Any CPU
		{4CED92A4-5232-08DC-8E28-4AAC5DACA747}.Release|Any CPU.ActiveCfg = Release|Any CPU
		{4CED92A4-5232-08DC-8E28-4AAC5DACA747}.Release|Any CPU.Build.0 = Release|Any CPU
		{8A352CC8-5796-B65E-5D1E-98598994B293}.Debug|Any CPU.ActiveCfg = Debug|Any CPU
		{8A352CC8-5796-B65E-5D1E-98598994B293}.Debug|Any CPU.Build.0 = Debug|Any CPU
		{8A352CC8-5796-B65E-5D1E-98598994B293}.Release|Any CPU.ActiveCfg = Release|Any CPU
		{8A352CC8-5796-B65E-5D1E-98598994B293}.Release|Any CPU.Build.0 = Release|Any CPU
		{7EC94E52-79F5-8B90-EF0A-29B4AC238EC2}.Debug|Any CPU.ActiveCfg = Debug|Any CPU
		{7EC94E52-79F5-8B90-EF0A-29B4AC238EC2}.Debug|Any CPU.Build.0 = Debug|Any CPU
		{7EC94E52-79F5-8B90-EF0A-29B4AC238EC2}.Release|Any CPU.ActiveCfg = Release|Any CPU
		{7EC94E52-79F5-8B90-EF0A-29B4AC238EC2}.Release|Any CPU.Build.0 = Release|Any CPU
		{8D3BD2CD-2DF1-2C38-6D22-0564E99E050B}.Debug|Any CPU.ActiveCfg = Debug|Any CPU
		{8D3BD2CD-2DF1-2C38-6D22-0564E99E050B}.Debug|Any CPU.Build.0 = Debug|Any CPU
		{8D3BD2CD-2DF1-2C38-6D22-0564E99E050B}.Release|Any CPU.ActiveCfg = Release|Any CPU
		{8D3BD2CD-2DF1-2C38-6D22-0564E99E050B}.Release|Any CPU.Build.0 = Release|Any CPU
		{B3249717-8F2E-B81A-A9C3-135DF5B89870}.Debug|Any CPU.ActiveCfg = Debug|Any CPU
		{B3249717-8F2E-B81A-A9C3-135DF5B89870}.Debug|Any CPU.Build.0 = Debug|Any CPU
		{B3249717-8F2E-B81A-A9C3-135DF5B89870}.Release|Any CPU.ActiveCfg = Release|Any CPU
		{B3249717-8F2E-B81A-A9C3-135DF5B89870}.Release|Any CPU.Build.0 = Release|Any CPU
		{DE1B7CA5-352B-F541-5CAC-5BFE17CF79F5}.Debug|Any CPU.ActiveCfg = Debug|Any CPU
		{DE1B7CA5-352B-F541-5CAC-5BFE17CF79F5}.Debug|Any CPU.Build.0 = Debug|Any CPU
		{DE1B7CA5-352B-F541-5CAC-5BFE17CF79F5}.Release|Any CPU.ActiveCfg = Release|Any CPU
		{DE1B7CA5-352B-F541-5CAC-5BFE17CF79F5}.Release|Any CPU.Build.0 = Release|Any CPU
		{67010BDA-DE6D-B2CB-8A61-5C2C185C8EFA}.Debug|Any CPU.ActiveCfg = Debug|Any CPU
		{67010BDA-DE6D-B2CB-8A61-5C2C185C8EFA}.Debug|Any CPU.Build.0 = Debug|Any CPU
		{67010BDA-DE6D-B2CB-8A61-5C2C185C8EFA}.Release|Any CPU.ActiveCfg = Release|Any CPU
		{67010BDA-DE6D-B2CB-8A61-5C2C185C8EFA}.Release|Any CPU.Build.0 = Release|Any CPU
		{EA1DBF6D-0619-9AAC-0201-47988C7086A3}.Debug|Any CPU.ActiveCfg = Debug|Any CPU
		{EA1DBF6D-0619-9AAC-0201-47988C7086A3}.Debug|Any CPU.Build.0 = Debug|Any CPU
		{EA1DBF6D-0619-9AAC-0201-47988C7086A3}.Release|Any CPU.ActiveCfg = Release|Any CPU
		{EA1DBF6D-0619-9AAC-0201-47988C7086A3}.Release|Any CPU.Build.0 = Release|Any CPU
		{756F536A-C40D-83B5-A5C2-6969456D0A3D}.Debug|Any CPU.ActiveCfg = Debug|Any CPU
		{756F536A-C40D-83B5-A5C2-6969456D0A3D}.Debug|Any CPU.Build.0 = Debug|Any CPU
		{756F536A-C40D-83B5-A5C2-6969456D0A3D}.Release|Any CPU.ActiveCfg = Release|Any CPU
		{756F536A-C40D-83B5-A5C2-6969456D0A3D}.Release|Any CPU.Build.0 = Release|Any CPU
		{17F11690-17BE-8705-F536-AAD073CFE125}.Debug|Any CPU.ActiveCfg = Debug|Any CPU
		{17F11690-17BE-8705-F536-AAD073CFE125}.Debug|Any CPU.Build.0 = Debug|Any CPU
		{17F11690-17BE-8705-F536-AAD073CFE125}.Release|Any CPU.ActiveCfg = Release|Any CPU
		{17F11690-17BE-8705-F536-AAD073CFE125}.Release|Any CPU.Build.0 = Release|Any CPU
		{EC66B28C-1122-A499-41FB-F031BA7B28E0}.Debug|Any CPU.ActiveCfg = Debug|Any CPU
		{EC66B28C-1122-A499-41FB-F031BA7B28E0}.Debug|Any CPU.Build.0 = Debug|Any CPU
		{EC66B28C-1122-A499-41FB-F031BA7B28E0}.Release|Any CPU.ActiveCfg = Release|Any CPU
		{EC66B28C-1122-A499-41FB-F031BA7B28E0}.Release|Any CPU.Build.0 = Release|Any CPU
		{7805BE77-CE59-5281-0C94-ACBC6C4ECE62}.Debug|Any CPU.ActiveCfg = Debug|Any CPU
		{7805BE77-CE59-5281-0C94-ACBC6C4ECE62}.Debug|Any CPU.Build.0 = Debug|Any CPU
		{7805BE77-CE59-5281-0C94-ACBC6C4ECE62}.Release|Any CPU.ActiveCfg = Release|Any CPU
		{7805BE77-CE59-5281-0C94-ACBC6C4ECE62}.Release|Any CPU.Build.0 = Release|Any CPU
		{78FBF9FA-C1C2-7367-57EC-CD350F206D5C}.Debug|Any CPU.ActiveCfg = Debug|Any CPU
		{78FBF9FA-C1C2-7367-57EC-CD350F206D5C}.Debug|Any CPU.Build.0 = Debug|Any CPU
		{78FBF9FA-C1C2-7367-57EC-CD350F206D5C}.Release|Any CPU.ActiveCfg = Release|Any CPU
		{78FBF9FA-C1C2-7367-57EC-CD350F206D5C}.Release|Any CPU.Build.0 = Release|Any CPU
		{2C8CAFB3-FAE2-7D00-0C52-1182035432EB}.Debug|Any CPU.ActiveCfg = Debug|Any CPU
		{2C8CAFB3-FAE2-7D00-0C52-1182035432EB}.Debug|Any CPU.Build.0 = Debug|Any CPU
		{2C8CAFB3-FAE2-7D00-0C52-1182035432EB}.Release|Any CPU.ActiveCfg = Release|Any CPU
		{2C8CAFB3-FAE2-7D00-0C52-1182035432EB}.Release|Any CPU.Build.0 = Release|Any CPU
		{29D90D74-9FF2-EFE2-9D85-2B902394B1EB}.Debug|Any CPU.ActiveCfg = Debug|Any CPU
		{29D90D74-9FF2-EFE2-9D85-2B902394B1EB}.Debug|Any CPU.Build.0 = Debug|Any CPU
		{29D90D74-9FF2-EFE2-9D85-2B902394B1EB}.Release|Any CPU.ActiveCfg = Release|Any CPU
		{29D90D74-9FF2-EFE2-9D85-2B902394B1EB}.Release|Any CPU.Build.0 = Release|Any CPU
		{5A128ABF-4041-5D25-AE3B-20C0A3C6F8CA}.Debug|Any CPU.ActiveCfg = Debug|Any CPU
		{5A128ABF-4041-5D25-AE3B-20C0A3C6F8CA}.Debug|Any CPU.Build.0 = Debug|Any CPU
		{5A128ABF-4041-5D25-AE3B-20C0A3C6F8CA}.Release|Any CPU.ActiveCfg = Release|Any CPU
		{5A128ABF-4041-5D25-AE3B-20C0A3C6F8CA}.Release|Any CPU.Build.0 = Release|Any CPU
		{61E7A647-41C9-692A-8F9D-151E4EE2B4CB}.Debug|Any CPU.ActiveCfg = Debug|Any CPU
		{61E7A647-41C9-692A-8F9D-151E4EE2B4CB}.Debug|Any CPU.Build.0 = Debug|Any CPU
		{61E7A647-41C9-692A-8F9D-151E4EE2B4CB}.Release|Any CPU.ActiveCfg = Release|Any CPU
		{61E7A647-41C9-692A-8F9D-151E4EE2B4CB}.Release|Any CPU.Build.0 = Release|Any CPU
		{4F1F74DD-EBCC-3B25-2F3E-8B86D60FF4D1}.Debug|Any CPU.ActiveCfg = Debug|Any CPU
		{4F1F74DD-EBCC-3B25-2F3E-8B86D60FF4D1}.Debug|Any CPU.Build.0 = Debug|Any CPU
		{4F1F74DD-EBCC-3B25-2F3E-8B86D60FF4D1}.Release|Any CPU.ActiveCfg = Release|Any CPU
		{4F1F74DD-EBCC-3B25-2F3E-8B86D60FF4D1}.Release|Any CPU.Build.0 = Release|Any CPU
		{9F71B2B1-8AD8-6E04-F762-42C93D22FB2A}.Debug|Any CPU.ActiveCfg = Debug|Any CPU
		{9F71B2B1-8AD8-6E04-F762-42C93D22FB2A}.Debug|Any CPU.Build.0 = Debug|Any CPU
		{9F71B2B1-8AD8-6E04-F762-42C93D22FB2A}.Release|Any CPU.ActiveCfg = Release|Any CPU
		{9F71B2B1-8AD8-6E04-F762-42C93D22FB2A}.Release|Any CPU.Build.0 = Release|Any CPU
		{7F1DB79E-59CB-DAAF-FABF-B9DBB4754562}.Debug|Any CPU.ActiveCfg = Debug|Any CPU
		{7F1DB79E-59CB-DAAF-FABF-B9DBB4754562}.Debug|Any CPU.Build.0 = Debug|Any CPU
		{7F1DB79E-59CB-DAAF-FABF-B9DBB4754562}.Release|Any CPU.ActiveCfg = Release|Any CPU
		{7F1DB79E-59CB-DAAF-FABF-B9DBB4754562}.Release|Any CPU.Build.0 = Release|Any CPU
		{6051D327-3800-3225-2AEA-69EF1E73BD1C}.Debug|Any CPU.ActiveCfg = Debug|Any CPU
		{6051D327-3800-3225-2AEA-69EF1E73BD1C}.Debug|Any CPU.Build.0 = Debug|Any CPU
		{6051D327-3800-3225-2AEA-69EF1E73BD1C}.Release|Any CPU.ActiveCfg = Release|Any CPU
		{6051D327-3800-3225-2AEA-69EF1E73BD1C}.Release|Any CPU.Build.0 = Release|Any CPU
		{ACC5F8C3-E183-1669-7CBC-EEE9406E5539}.Debug|Any CPU.ActiveCfg = Debug|Any CPU
		{ACC5F8C3-E183-1669-7CBC-EEE9406E5539}.Debug|Any CPU.Build.0 = Debug|Any CPU
		{ACC5F8C3-E183-1669-7CBC-EEE9406E5539}.Release|Any CPU.ActiveCfg = Release|Any CPU
		{ACC5F8C3-E183-1669-7CBC-EEE9406E5539}.Release|Any CPU.Build.0 = Release|Any CPU
		{7CA2E01C-D280-2137-3899-FCA92402330F}.Debug|Any CPU.ActiveCfg = Debug|Any CPU
		{7CA2E01C-D280-2137-3899-FCA92402330F}.Debug|Any CPU.Build.0 = Debug|Any CPU
		{7CA2E01C-D280-2137-3899-FCA92402330F}.Release|Any CPU.ActiveCfg = Release|Any CPU
		{7CA2E01C-D280-2137-3899-FCA92402330F}.Release|Any CPU.Build.0 = Release|Any CPU
		{2F4D7513-356A-635A-C08A-22E7ACEBDC5A}.Debug|Any CPU.ActiveCfg = Debug|Any CPU
		{2F4D7513-356A-635A-C08A-22E7ACEBDC5A}.Debug|Any CPU.Build.0 = Debug|Any CPU
		{2F4D7513-356A-635A-C08A-22E7ACEBDC5A}.Release|Any CPU.ActiveCfg = Release|Any CPU
		{2F4D7513-356A-635A-C08A-22E7ACEBDC5A}.Release|Any CPU.Build.0 = Release|Any CPU
		{D7B33BBA-38A2-EF7F-C0D4-3908C211695D}.Debug|Any CPU.ActiveCfg = Debug|Any CPU
		{D7B33BBA-38A2-EF7F-C0D4-3908C211695D}.Debug|Any CPU.Build.0 = Debug|Any CPU
		{D7B33BBA-38A2-EF7F-C0D4-3908C211695D}.Release|Any CPU.ActiveCfg = Release|Any CPU
		{D7B33BBA-38A2-EF7F-C0D4-3908C211695D}.Release|Any CPU.Build.0 = Release|Any CPU
		{B5E61EAB-BE8A-99D8-35CB-D84B1BFE651F}.Debug|Any CPU.ActiveCfg = Debug|Any CPU
		{B5E61EAB-BE8A-99D8-35CB-D84B1BFE651F}.Debug|Any CPU.Build.0 = Debug|Any CPU
		{B5E61EAB-BE8A-99D8-35CB-D84B1BFE651F}.Release|Any CPU.ActiveCfg = Release|Any CPU
		{B5E61EAB-BE8A-99D8-35CB-D84B1BFE651F}.Release|Any CPU.Build.0 = Release|Any CPU
		{2744FD38-336B-37D1-2BCA-340940C42F3F}.Debug|Any CPU.ActiveCfg = Debug|Any CPU
		{2744FD38-336B-37D1-2BCA-340940C42F3F}.Debug|Any CPU.Build.0 = Debug|Any CPU
		{2744FD38-336B-37D1-2BCA-340940C42F3F}.Release|Any CPU.ActiveCfg = Release|Any CPU
		{2744FD38-336B-37D1-2BCA-340940C42F3F}.Release|Any CPU.Build.0 = Release|Any CPU
		{96000149-78F1-8C93-70C5-2F4D497C78DD}.Debug|Any CPU.ActiveCfg = Debug|Any CPU
		{96000149-78F1-8C93-70C5-2F4D497C78DD}.Debug|Any CPU.Build.0 = Debug|Any CPU
		{96000149-78F1-8C93-70C5-2F4D497C78DD}.Release|Any CPU.ActiveCfg = Release|Any CPU
		{96000149-78F1-8C93-70C5-2F4D497C78DD}.Release|Any CPU.Build.0 = Release|Any CPU
		{75BF4E77-FE76-41D5-B4DC-F5A45A2DEEFC}.Debug|Any CPU.ActiveCfg = Debug|Any CPU
		{75BF4E77-FE76-41D5-B4DC-F5A45A2DEEFC}.Debug|Any CPU.Build.0 = Debug|Any CPU
		{75BF4E77-FE76-41D5-B4DC-F5A45A2DEEFC}.Release|Any CPU.ActiveCfg = Release|Any CPU
		{75BF4E77-FE76-41D5-B4DC-F5A45A2DEEFC}.Release|Any CPU.Build.0 = Release|Any CPU
		{88AB2ED6-7D04-F544-734A-8CDB58DE19DB}.Debug|Any CPU.ActiveCfg = Debug|Any CPU
		{88AB2ED6-7D04-F544-734A-8CDB58DE19DB}.Debug|Any CPU.Build.0 = Debug|Any CPU
		{88AB2ED6-7D04-F544-734A-8CDB58DE19DB}.Release|Any CPU.ActiveCfg = Release|Any CPU
		{88AB2ED6-7D04-F544-734A-8CDB58DE19DB}.Release|Any CPU.Build.0 = Release|Any CPU
		{632F5834-5365-AC31-C2F0-C63ABD3016C9}.Debug|Any CPU.ActiveCfg = Debug|Any CPU
		{632F5834-5365-AC31-C2F0-C63ABD3016C9}.Debug|Any CPU.Build.0 = Debug|Any CPU
		{632F5834-5365-AC31-C2F0-C63ABD3016C9}.Release|Any CPU.ActiveCfg = Release|Any CPU
		{632F5834-5365-AC31-C2F0-C63ABD3016C9}.Release|Any CPU.Build.0 = Release|Any CPU
		{B40F92B9-A940-3BAB-F6B0-A4CD82DD223C}.Debug|Any CPU.ActiveCfg = Debug|Any CPU
		{B40F92B9-A940-3BAB-F6B0-A4CD82DD223C}.Debug|Any CPU.Build.0 = Debug|Any CPU
		{B40F92B9-A940-3BAB-F6B0-A4CD82DD223C}.Release|Any CPU.ActiveCfg = Release|Any CPU
		{B40F92B9-A940-3BAB-F6B0-A4CD82DD223C}.Release|Any CPU.Build.0 = Release|Any CPU
		{CED582CD-0158-B7A3-891A-E53489B36CE2}.Debug|Any CPU.ActiveCfg = Debug|Any CPU
		{CED582CD-0158-B7A3-891A-E53489B36CE2}.Debug|Any CPU.Build.0 = Debug|Any CPU
		{CED582CD-0158-B7A3-891A-E53489B36CE2}.Release|Any CPU.ActiveCfg = Release|Any CPU
		{CED582CD-0158-B7A3-891A-E53489B36CE2}.Release|Any CPU.Build.0 = Release|Any CPU
		{AD6104BE-B646-2D6E-1EC9-192511A93617}.Debug|Any CPU.ActiveCfg = Debug|Any CPU
		{AD6104BE-B646-2D6E-1EC9-192511A93617}.Debug|Any CPU.Build.0 = Debug|Any CPU
		{AD6104BE-B646-2D6E-1EC9-192511A93617}.Release|Any CPU.ActiveCfg = Release|Any CPU
		{AD6104BE-B646-2D6E-1EC9-192511A93617}.Release|Any CPU.Build.0 = Release|Any CPU
		{52069C3D-5144-E0F7-C198-F14528D96EF8}.Debug|Any CPU.ActiveCfg = Debug|Any CPU
		{52069C3D-5144-E0F7-C198-F14528D96EF8}.Debug|Any CPU.Build.0 = Debug|Any CPU
		{52069C3D-5144-E0F7-C198-F14528D96EF8}.Release|Any CPU.ActiveCfg = Release|Any CPU
		{52069C3D-5144-E0F7-C198-F14528D96EF8}.Release|Any CPU.Build.0 = Release|Any CPU
		{A13956B3-9976-C844-B8B2-9C52252A4C5C}.Debug|Any CPU.ActiveCfg = Debug|Any CPU
		{A13956B3-9976-C844-B8B2-9C52252A4C5C}.Debug|Any CPU.Build.0 = Debug|Any CPU
		{A13956B3-9976-C844-B8B2-9C52252A4C5C}.Release|Any CPU.ActiveCfg = Release|Any CPU
		{A13956B3-9976-C844-B8B2-9C52252A4C5C}.Release|Any CPU.Build.0 = Release|Any CPU
		{D579DF8F-4F98-43A5-788A-0D7CD3676028}.Debug|Any CPU.ActiveCfg = Debug|Any CPU
		{D579DF8F-4F98-43A5-788A-0D7CD3676028}.Debug|Any CPU.Build.0 = Debug|Any CPU
		{D579DF8F-4F98-43A5-788A-0D7CD3676028}.Release|Any CPU.ActiveCfg = Release|Any CPU
		{D579DF8F-4F98-43A5-788A-0D7CD3676028}.Release|Any CPU.Build.0 = Release|Any CPU
		{075256D0-A36F-FA43-AAF1-6272C81FFB43}.Debug|Any CPU.ActiveCfg = Debug|Any CPU
		{075256D0-A36F-FA43-AAF1-6272C81FFB43}.Debug|Any CPU.Build.0 = Debug|Any CPU
		{075256D0-A36F-FA43-AAF1-6272C81FFB43}.Release|Any CPU.ActiveCfg = Release|Any CPU
		{075256D0-A36F-FA43-AAF1-6272C81FFB43}.Release|Any CPU.Build.0 = Release|Any CPU
		{0B9F2AAA-6881-7CD4-0D81-7D430528172E}.Debug|Any CPU.ActiveCfg = Debug|Any CPU
		{0B9F2AAA-6881-7CD4-0D81-7D430528172E}.Debug|Any CPU.Build.0 = Debug|Any CPU
		{0B9F2AAA-6881-7CD4-0D81-7D430528172E}.Release|Any CPU.ActiveCfg = Release|Any CPU
		{0B9F2AAA-6881-7CD4-0D81-7D430528172E}.Release|Any CPU.Build.0 = Release|Any CPU
		{BA0B1A99-A500-898B-ECDE-E8BFA2879E9B}.Debug|Any CPU.ActiveCfg = Debug|Any CPU
		{BA0B1A99-A500-898B-ECDE-E8BFA2879E9B}.Debug|Any CPU.Build.0 = Debug|Any CPU
		{BA0B1A99-A500-898B-ECDE-E8BFA2879E9B}.Release|Any CPU.ActiveCfg = Release|Any CPU
		{BA0B1A99-A500-898B-ECDE-E8BFA2879E9B}.Release|Any CPU.Build.0 = Release|Any CPU
		{BF252C77-42B8-757F-CDD9-8B21CDD8A2DC}.Debug|Any CPU.ActiveCfg = Debug|Any CPU
		{BF252C77-42B8-757F-CDD9-8B21CDD8A2DC}.Debug|Any CPU.Build.0 = Debug|Any CPU
		{BF252C77-42B8-757F-CDD9-8B21CDD8A2DC}.Release|Any CPU.ActiveCfg = Release|Any CPU
		{BF252C77-42B8-757F-CDD9-8B21CDD8A2DC}.Release|Any CPU.Build.0 = Release|Any CPU
		{6F371E25-3C7C-F277-855A-BA0935E8B2F7}.Debug|Any CPU.ActiveCfg = Debug|Any CPU
		{6F371E25-3C7C-F277-855A-BA0935E8B2F7}.Debug|Any CPU.Build.0 = Debug|Any CPU
		{6F371E25-3C7C-F277-855A-BA0935E8B2F7}.Release|Any CPU.ActiveCfg = Release|Any CPU
		{6F371E25-3C7C-F277-855A-BA0935E8B2F7}.Release|Any CPU.Build.0 = Release|Any CPU
		{99C82E84-E3FC-FCCE-7D7C-38A0B76A9BCC}.Debug|Any CPU.ActiveCfg = Debug|Any CPU
		{99C82E84-E3FC-FCCE-7D7C-38A0B76A9BCC}.Debug|Any CPU.Build.0 = Debug|Any CPU
		{99C82E84-E3FC-FCCE-7D7C-38A0B76A9BCC}.Release|Any CPU.ActiveCfg = Release|Any CPU
		{99C82E84-E3FC-FCCE-7D7C-38A0B76A9BCC}.Release|Any CPU.Build.0 = Release|Any CPU
		{AED1F789-4723-1478-73B3-EBC429018263}.Debug|Any CPU.ActiveCfg = Debug|Any CPU
		{AED1F789-4723-1478-73B3-EBC429018263}.Debug|Any CPU.Build.0 = Debug|Any CPU
		{AED1F789-4723-1478-73B3-EBC429018263}.Release|Any CPU.ActiveCfg = Release|Any CPU
		{AED1F789-4723-1478-73B3-EBC429018263}.Release|Any CPU.Build.0 = Release|Any CPU
		{FE12E5B2-C942-B87F-4594-5219E3F0F404}.Debug|Any CPU.ActiveCfg = Debug|Any CPU
		{FE12E5B2-C942-B87F-4594-5219E3F0F404}.Debug|Any CPU.Build.0 = Debug|Any CPU
		{FE12E5B2-C942-B87F-4594-5219E3F0F404}.Release|Any CPU.ActiveCfg = Release|Any CPU
		{FE12E5B2-C942-B87F-4594-5219E3F0F404}.Release|Any CPU.Build.0 = Release|Any CPU
		{B095676A-D5DB-1721-CA84-AC041882E0BE}.Debug|Any CPU.ActiveCfg = Debug|Any CPU
		{B095676A-D5DB-1721-CA84-AC041882E0BE}.Debug|Any CPU.Build.0 = Debug|Any CPU
		{B095676A-D5DB-1721-CA84-AC041882E0BE}.Release|Any CPU.ActiveCfg = Release|Any CPU
		{B095676A-D5DB-1721-CA84-AC041882E0BE}.Release|Any CPU.Build.0 = Release|Any CPU
		{E3F7EA56-3E7C-1C5E-A241-F92655EAC29A}.Debug|Any CPU.ActiveCfg = Debug|Any CPU
		{E3F7EA56-3E7C-1C5E-A241-F92655EAC29A}.Debug|Any CPU.Build.0 = Debug|Any CPU
		{E3F7EA56-3E7C-1C5E-A241-F92655EAC29A}.Release|Any CPU.ActiveCfg = Release|Any CPU
		{E3F7EA56-3E7C-1C5E-A241-F92655EAC29A}.Release|Any CPU.Build.0 = Release|Any CPU
		{FFD68ECC-4289-1D9F-FAAC-FC84A3EEF1DA}.Debug|Any CPU.ActiveCfg = Debug|Any CPU
		{FFD68ECC-4289-1D9F-FAAC-FC84A3EEF1DA}.Debug|Any CPU.Build.0 = Debug|Any CPU
		{FFD68ECC-4289-1D9F-FAAC-FC84A3EEF1DA}.Release|Any CPU.ActiveCfg = Release|Any CPU
		{FFD68ECC-4289-1D9F-FAAC-FC84A3EEF1DA}.Release|Any CPU.Build.0 = Release|Any CPU
		{37E8D689-C67D-2840-FA9A-1F106B545CDE}.Debug|Any CPU.ActiveCfg = Debug|Any CPU
		{37E8D689-C67D-2840-FA9A-1F106B545CDE}.Debug|Any CPU.Build.0 = Debug|Any CPU
		{37E8D689-C67D-2840-FA9A-1F106B545CDE}.Release|Any CPU.ActiveCfg = Release|Any CPU
		{37E8D689-C67D-2840-FA9A-1F106B545CDE}.Release|Any CPU.Build.0 = Release|Any CPU
		{60857AF3-71CE-4BFC-73BC-BB6709898840}.Debug|Any CPU.ActiveCfg = Debug|Any CPU
		{60857AF3-71CE-4BFC-73BC-BB6709898840}.Debug|Any CPU.Build.0 = Debug|Any CPU
		{60857AF3-71CE-4BFC-73BC-BB6709898840}.Release|Any CPU.ActiveCfg = Release|Any CPU
		{60857AF3-71CE-4BFC-73BC-BB6709898840}.Release|Any CPU.Build.0 = Release|Any CPU
		{26419907-7BEE-5AED-2DF4-31E2871CE049}.Debug|Any CPU.ActiveCfg = Debug|Any CPU
		{26419907-7BEE-5AED-2DF4-31E2871CE049}.Debug|Any CPU.Build.0 = Debug|Any CPU
		{26419907-7BEE-5AED-2DF4-31E2871CE049}.Release|Any CPU.ActiveCfg = Release|Any CPU
		{26419907-7BEE-5AED-2DF4-31E2871CE049}.Release|Any CPU.Build.0 = Release|Any CPU
		{DD949489-D3B3-71AE-0E9E-6096E32997F4}.Debug|Any CPU.ActiveCfg = Debug|Any CPU
		{DD949489-D3B3-71AE-0E9E-6096E32997F4}.Debug|Any CPU.Build.0 = Debug|Any CPU
		{DD949489-D3B3-71AE-0E9E-6096E32997F4}.Release|Any CPU.ActiveCfg = Release|Any CPU
		{DD949489-D3B3-71AE-0E9E-6096E32997F4}.Release|Any CPU.Build.0 = Release|Any CPU
		{D91BE692-0D0E-AC13-743D-7773AD0B6CDA}.Debug|Any CPU.ActiveCfg = Debug|Any CPU
		{D91BE692-0D0E-AC13-743D-7773AD0B6CDA}.Debug|Any CPU.Build.0 = Debug|Any CPU
		{D91BE692-0D0E-AC13-743D-7773AD0B6CDA}.Release|Any CPU.ActiveCfg = Release|Any CPU
		{D91BE692-0D0E-AC13-743D-7773AD0B6CDA}.Release|Any CPU.Build.0 = Release|Any CPU
		{2EEF4863-491D-15FC-6376-B390C986DCC4}.Debug|Any CPU.ActiveCfg = Debug|Any CPU
		{2EEF4863-491D-15FC-6376-B390C986DCC4}.Debug|Any CPU.Build.0 = Debug|Any CPU
		{2EEF4863-491D-15FC-6376-B390C986DCC4}.Release|Any CPU.ActiveCfg = Release|Any CPU
		{2EEF4863-491D-15FC-6376-B390C986DCC4}.Release|Any CPU.Build.0 = Release|Any CPU
		{0104425F-2A86-218F-68AE-9D7B425A0117}.Debug|Any CPU.ActiveCfg = Debug|Any CPU
		{0104425F-2A86-218F-68AE-9D7B425A0117}.Debug|Any CPU.Build.0 = Debug|Any CPU
		{0104425F-2A86-218F-68AE-9D7B425A0117}.Release|Any CPU.ActiveCfg = Release|Any CPU
		{0104425F-2A86-218F-68AE-9D7B425A0117}.Release|Any CPU.Build.0 = Release|Any CPU
		{D4A1D412-BCE4-5807-806C-0AF198B42943}.Debug|Any CPU.ActiveCfg = Debug|Any CPU
		{D4A1D412-BCE4-5807-806C-0AF198B42943}.Debug|Any CPU.Build.0 = Debug|Any CPU
		{D4A1D412-BCE4-5807-806C-0AF198B42943}.Release|Any CPU.ActiveCfg = Release|Any CPU
		{D4A1D412-BCE4-5807-806C-0AF198B42943}.Release|Any CPU.Build.0 = Release|Any CPU
		{8B79862A-AEBF-697E-0C30-6D5DBB95FCA3}.Debug|Any CPU.ActiveCfg = Debug|Any CPU
		{8B79862A-AEBF-697E-0C30-6D5DBB95FCA3}.Debug|Any CPU.Build.0 = Debug|Any CPU
		{8B79862A-AEBF-697E-0C30-6D5DBB95FCA3}.Release|Any CPU.ActiveCfg = Release|Any CPU
		{8B79862A-AEBF-697E-0C30-6D5DBB95FCA3}.Release|Any CPU.Build.0 = Release|Any CPU
	EndGlobalSection
	GlobalSection(SolutionProperties) = preSolution
		HideSolutionNode = FALSE
	EndGlobalSection
EndGlobal
